
Microsoft Visual Studio Solution File, Format Version 12.00
# Visual Studio Version 16
VisualStudioVersion = 16.0.30503.244
MinimumVisualStudioVersion = 10.0.40219.1
Project("{9A19103F-16F7-4668-BE54-9A1E7A4F7556}") = "botbuilder_weatherbot", "botbuilder_weatherbot\botbuilder_weatherbot.csproj", "{7BBBD555-A06E-4939-9219-E86169D695B6}"
EndProject
Global
	GlobalSection(SolutionConfigurationPlatforms) = preSolution
		Debug|Any CPU = Debug|Any CPU
		Release|Any CPU = Release|Any CPU
	EndGlobalSection
	GlobalSection(ProjectConfigurationPlatforms) = postSolution
		{7BBBD555-A06E-4939-9219-E86169D695B6}.Debug|Any CPU.ActiveCfg = Debug|Any CPU
		{7BBBD555-A06E-4939-9219-E86169D695B6}.Debug|Any CPU.Build.0 = Debug|Any CPU
		{7BBBD555-A06E-4939-9219-E86169D695B6}.Release|Any CPU.ActiveCfg = Release|Any CPU
		{7BBBD555-A06E-4939-9219-E86169D695B6}.Release|Any CPU.Build.0 = Release|Any CPU
	EndGlobalSection
	GlobalSection(SolutionProperties) = preSolution
		HideSolutionNode = FALSE
	EndGlobalSection
	GlobalSection(ExtensibilityGlobals) = postSolution
		SolutionGuid = {B3D08D9D-6115-4973-8E06-27BFDBEE9446}
	EndGlobalSection
EndGlobal
